<?xml version="1.0" encoding="utf-8"?>
<Project ToolsVersion="4.0" xmlns="http://schemas.microsoft.com/developer/msbuild/2003">
  <ItemGroup>
    <Filter Include="Components">
      <UniqueIdentifier>{4FC737F1-C7A5-4376-A066-2A32D752A2FF}</UniqueIdentifier>
      <Extensions>cpp;c;cc;cxx;c++;cppm;ixx;def;odl;idl;hpj;bat;asm;asmx</Extensions>
    </Filter>
    <Filter Include="Loading">
      <UniqueIdentifier>{766f14bc-2894-4d26-834f-9f6fb97ac335}</UniqueIdentifier>
    </Filter>
  </ItemGroup>
  <ItemGroup>
    <ClCompile Include="Main.cpp">
      <Filter>Loading</Filter>
    </ClCompile>
    <ClCompile Include="CircleRenderComponent.cpp">
      <Filter>Components</Filter>
    </ClCompile>
    <ClCompile Include="FPSComponent.cpp">
      <Filter>Components</Filter>
    </ClCompile>
    <ClCompile Include="KeyboardTestComponent.cpp">
      <Filter>Components</Filter>
    </ClCompile>
    <ClCompile Include="LivesComponent.cpp">
      <Filter>Components</Filter>
    </ClCompile>
    <ClCompile Include="LivesDisplayComponent.cpp">
      <Filter>Components</Filter>
    </ClCompile>
    <ClCompile Include="OrbitComponent.cpp">
      <Filter>Components</Filter>
    </ClCompile>
    <ClCompile Include="ScoreComponent.cpp">
      <Filter>Components</Filter>
    </ClCompile>
    <ClCompile Include="ScoreDisplayComponent.cpp">
      <Filter>Components</Filter>
    </ClCompile>
    <ClCompile Include="ScoreTestComponent.cpp">
      <Filter>Components</Filter>
    </ClCompile>
    <ClCompile Include="ThrashTheCacheComponent.cpp">
      <Filter>Components</Filter>
    </ClCompile>
    <ClCompile Include="PlaySoundComponent.cpp">
      <Filter>Components</Filter>
    </ClCompile>
  </ItemGroup>
  <ItemGroup>
    <ClInclude Include="LivesDisplayComponent.h" />
    <ClInclude Include="CircleRenderComponent.h" />
    <ClInclude Include="FPSComponent.h" />
    <ClInclude Include="KeyboardTestComponent.h" />
    <ClInclude Include="LivesComponent.h" />
    <ClInclude Include="OrbitComponent.h" />
    <ClInclude Include="ScoreComponent.h" />
    <ClInclude Include="ScoreDisplayComponent.h" />
    <ClInclude Include="ScoreTestComponent.h" />
    <ClInclude Include="ThrashTheCacheComponent.h" />
    <ClInclude Include="PlaySoundComponent.h" />
  </ItemGroup>
</Project>