<?xml version="1.0" encoding="utf-8"?>
<Project ToolsVersion="4.0" xmlns="http://schemas.microsoft.com/developer/msbuild/2003">
  <ItemGroup>
    <Filter Include="Loading">
      <UniqueIdentifier>{4FC737F1-C7A5-4376-A066-2A32D752A2FF}</UniqueIdentifier>
      <Extensions>cpp;c;cc;cxx;c++;cppm;ixx;def;odl;idl;hpj;bat;asm;asmx</Extensions>
    </Filter>
    <Filter Include="player">
      <UniqueIdentifier>{7c03d430-8f75-4f14-9907-e6f32fc3f1f3}</UniqueIdentifier>
    </Filter>
    <Filter Include="tanks">
      <UniqueIdentifier>{744bc0d2-e001-4fa0-a9d5-647cb44c1108}</UniqueIdentifier>
    </Filter>
    <Filter Include="Wall">
      <UniqueIdentifier>{0f98022a-a14b-446f-88db-41348f2bc1a7}</UniqueIdentifier>
    </Filter>
    <Filter Include="tanks\Bullet">
      <UniqueIdentifier>{9ab0186f-a91a-4fa4-a4c5-0cafea638d77}</UniqueIdentifier>
    </Filter>
    <Filter Include="Enemy">
      <UniqueIdentifier>{b38b1b11-9e61-4cff-99d0-9305d7022f46}</UniqueIdentifier>
    </Filter>
  </ItemGroup>
  <ItemGroup>
    <ClCompile Include="Main.cpp">
      <Filter>Loading</Filter>
    </ClCompile>
    <ClCompile Include="MovementComponent.cpp">
      <Filter>tanks</Filter>
    </ClCompile>
    <ClCompile Include="BarrelComponent.cpp">
      <Filter>tanks</Filter>
    </ClCompile>
    <ClCompile Include="BulletLogicComponent.cpp">
      <Filter>tanks\Bullet</Filter>
    </ClCompile>
    <ClCompile Include="PlayerLogic.cpp">
      <Filter>player</Filter>
    </ClCompile>
    <ClCompile Include="CreateEnemy.cpp">
      <Filter>Enemy</Filter>
    </ClCompile>
    <ClCompile Include="EnemyAIComp.cpp">
      <Filter>Enemy</Filter>
    </ClCompile>
  </ItemGroup>
  <ItemGroup>
    <ClInclude Include="CreatePlayer.h">
      <Filter>player</Filter>
    </ClInclude>
    <ClInclude Include="MovementComponent.h">
      <Filter>tanks</Filter>
    </ClInclude>
    <ClInclude Include="BarrelComponent.h">
      <Filter>tanks</Filter>
    </ClInclude>
    <ClInclude Include="CreateWall.h">
      <Filter>Wall</Filter>
    </ClInclude>
    <ClInclude Include="BulletLogicComponent.h">
      <Filter>tanks\Bullet</Filter>
    </ClInclude>
    <ClInclude Include="CreateBullet.h">
      <Filter>tanks\Bullet</Filter>
    </ClInclude>
    <ClInclude Include="PlayerLogic.h">
      <Filter>player</Filter>
    </ClInclude>
    <ClInclude Include="EnemyAIComp.h">
      <Filter>Enemy</Filter>
    </ClInclude>
  </ItemGroup>
</Project>