<?xml version="1.0" encoding="utf-8"?>
<Project ToolsVersion="4.0" xmlns="http://schemas.microsoft.com/developer/msbuild/2003">
  <ItemGroup>
    <Filter Include="Resource Files">
      <UniqueIdentifier>{67DA6AB6-F800-4c08-8B7A-83BB121AAD01}</UniqueIdentifier>
      <Extensions>rc;ico;cur;bmp;dlg;rc2;rct;bin;rgs;gif;jpg;jpeg;jpe;resx;tiff;tif;png;wav;mfcribbon-ms</Extensions>
    </Filter>
    <Filter Include="components">
      <UniqueIdentifier>{c0fced8a-8df3-4b31-bc75-18cd65d5f843}</UniqueIdentifier>
    </Filter>
    <Filter Include="Resource Containers">
      <UniqueIdentifier>{666011d8-575f-495d-99ee-1c06165b8ac5}</UniqueIdentifier>
    </Filter>
    <Filter Include="Singeltons">
      <UniqueIdentifier>{506031fe-3d4d-49a8-8503-e9b15ed10ad9}</UniqueIdentifier>
    </Filter>
    <Filter Include="components\Render">
      <UniqueIdentifier>{e17faf91-a945-429c-8fd4-16a81a1bb3fe}</UniqueIdentifier>
    </Filter>
    <Filter Include="other">
      <UniqueIdentifier>{4FC737F1-C7A5-4376-A066-2A32D752A2FF}</UniqueIdentifier>
      <Extensions>cpp;c;cc;cxx;def;odl;idl;hpj;bat;asm;asmx</Extensions>
    </Filter>
    <Filter Include="imgui">
      <UniqueIdentifier>{09bf3652-1dad-484f-a72a-a76cc694d397}</UniqueIdentifier>
    </Filter>
    <Filter Include="Input">
      <UniqueIdentifier>{1b2e791b-3133-4241-b9b3-707d54b4420d}</UniqueIdentifier>
    </Filter>
    <Filter Include="Input\Commands">
      <UniqueIdentifier>{dbe9896e-9414-45e1-96b2-54493717f2a6}</UniqueIdentifier>
    </Filter>
  </ItemGroup>
  <ItemGroup>
    <ClInclude Include="BaseComponent.h">
      <Filter>components</Filter>
    </ClInclude>
    <ClInclude Include="Font.h">
      <Filter>Resource Containers</Filter>
    </ClInclude>
    <ClInclude Include="Singleton.h">
      <Filter>Singeltons</Filter>
    </ClInclude>
    <ClInclude Include="SceneManager.h">
      <Filter>Singeltons</Filter>
    </ClInclude>
    <ClInclude Include="ResourceManager.h">
      <Filter>Singeltons</Filter>
    </ClInclude>
    <ClInclude Include="InputManager.h">
      <Filter>Singeltons</Filter>
    </ClInclude>
    <ClInclude Include="Texture2D.h">
      <Filter>Resource Containers</Filter>
    </ClInclude>
    <ClInclude Include="Renderer.h">
      <Filter>Singeltons</Filter>
    </ClInclude>
    <ClInclude Include="GameObject.h">
      <Filter>other</Filter>
    </ClInclude>
    <ClInclude Include="Transform.h">
      <Filter>other</Filter>
    </ClInclude>
    <ClInclude Include="Scene.h">
      <Filter>other</Filter>
    </ClInclude>
    <ClInclude Include="Minigin.h">
      <Filter>other</Filter>
    </ClInclude>
    <ClInclude Include="TextRenderComponent.h">
      <Filter>components\Render</Filter>
    </ClInclude>
    <ClInclude Include="TextureRenderComponent.h">
      <Filter>components\Render</Filter>
    </ClInclude>
    <ClInclude Include="..\3rdParty\imgui-1.90.4\imconfig.h">
      <Filter>imgui</Filter>
    </ClInclude>
    <ClInclude Include="..\3rdParty\imgui-1.90.4\imgui.h">
      <Filter>imgui</Filter>
    </ClInclude>
    <ClInclude Include="..\3rdParty\imgui-1.90.4\imgui_internal.h">
      <Filter>imgui</Filter>
    </ClInclude>
    <ClInclude Include="..\3rdParty\imgui-1.90.4\imstb_rectpack.h">
      <Filter>imgui</Filter>
    </ClInclude>
    <ClInclude Include="..\3rdParty\imgui-1.90.4\imstb_textedit.h">
      <Filter>imgui</Filter>
    </ClInclude>
    <ClInclude Include="..\3rdParty\imgui-1.90.4\imstb_truetype.h">
      <Filter>imgui</Filter>
    </ClInclude>
    <ClInclude Include="..\3rdParty\imgui-1.90.4\backends\imgui_impl_opengl3.h">
      <Filter>imgui</Filter>
    </ClInclude>
    <ClInclude Include="..\3rdParty\imgui-1.90.4\backends\imgui_impl_sdl2.h">
      <Filter>imgui</Filter>
    </ClInclude>
    <ClInclude Include="..\3rdParty\imgui-1.90.4\imgui_plot.h">
      <Filter>imgui</Filter>
    </ClInclude>
    <ClInclude Include="ControllerManager.h">
      <Filter>Input</Filter>
    </ClInclude>
    <ClInclude Include="Commands.h">
      <Filter>Input\Commands</Filter>
    </ClInclude>
    <ClInclude Include="SDLManager.h">
      <Filter>Input</Filter>
    </ClInclude>
    <ClInclude Include="InputTypes.h">
      <Filter>Input</Filter>
    </ClInclude>
    <ClInclude Include="Observer.h">
      <Filter>other</Filter>
    </ClInclude>
    <ClInclude Include="CSteamAchievements.h">
      <Filter>other</Filter>
    </ClInclude>
    <ClInclude Include="AchievementManager.h">
      <Filter>other</Filter>
    </ClInclude>
  </ItemGroup>
  <ItemGroup>
    <ClCompile Include="GameObject.cpp">
      <Filter>other</Filter>
    </ClCompile>
    <ClCompile Include="Transform.cpp">
      <Filter>other</Filter>
    </ClCompile>
    <ClCompile Include="Scene.cpp">
      <Filter>other</Filter>
    </ClCompile>
    <ClCompile Include="Main.cpp">
      <Filter>other</Filter>
    </ClCompile>
    <ClCompile Include="Minigin.cpp">
      <Filter>other</Filter>
    </ClCompile>
    <ClCompile Include="BaseComponent.cpp">
      <Filter>components</Filter>
    </ClCompile>
    <ClCompile Include="Font.cpp">
      <Filter>Resource Containers</Filter>
    </ClCompile>
    <ClCompile Include="SceneManager.cpp">
      <Filter>Singeltons</Filter>
    </ClCompile>
    <ClCompile Include="ResourceManager.cpp">
      <Filter>Singeltons</Filter>
    </ClCompile>
    <ClCompile Include="InputManager.cpp">
      <Filter>Singeltons</Filter>
    </ClCompile>
    <ClCompile Include="Texture2D.cpp">
      <Filter>Resource Containers</Filter>
    </ClCompile>
    <ClCompile Include="Renderer.cpp">
      <Filter>Singeltons</Filter>
    </ClCompile>
    <ClCompile Include="TextureRenderComponent.cpp">
      <Filter>components\Render</Filter>
    </ClCompile>
    <ClCompile Include="TextRenderComponent.cpp">
      <Filter>components\Render</Filter>
    </ClCompile>
    <ClCompile Include="..\3rdParty\imgui-1.90.4\imgui.cpp">
      <Filter>imgui</Filter>
    </ClCompile>
    <ClCompile Include="..\3rdParty\imgui-1.90.4\imgui_demo.cpp">
      <Filter>imgui</Filter>
    </ClCompile>
    <ClCompile Include="..\3rdParty\imgui-1.90.4\imgui_draw.cpp">
      <Filter>imgui</Filter>
    </ClCompile>
    <ClCompile Include="..\3rdParty\imgui-1.90.4\imgui_tables.cpp">
      <Filter>imgui</Filter>
    </ClCompile>
    <ClCompile Include="..\3rdParty\imgui-1.90.4\imgui_widgets.cpp">
      <Filter>imgui</Filter>
    </ClCompile>
    <ClCompile Include="..\3rdParty\imgui-1.90.4\backends\imgui_impl_opengl3.cpp">
      <Filter>imgui</Filter>
    </ClCompile>
    <ClCompile Include="..\3rdParty\imgui-1.90.4\backends\imgui_impl_sdl2.cpp">
      <Filter>imgui</Filter>
    </ClCompile>
    <ClCompile Include="..\3rdParty\imgui-1.90.4\imgui_plot.cpp">
      <Filter>imgui</Filter>
    </ClCompile>
    <ClCompile Include="ControllerManager.cpp">
      <Filter>Input</Filter>
    </ClCompile>
    <ClCompile Include="SDLManager.cpp">
      <Filter>Input</Filter>
    </ClCompile>
    <ClCompile Include="Commands.cpp">
      <Filter>Input\Commands</Filter>
    </ClCompile>
    <ClCompile Include="Observer.cpp">
      <Filter>other</Filter>
    </ClCompile>
    <ClCompile Include="CSteamAchievements.cpp">
      <Filter>other</Filter>
    </ClCompile>
    <ClCompile Include="AchievementManager.cpp">
      <Filter>other</Filter>
    </ClCompile>
  </ItemGroup>
</Project>