<?xml version="1.0" encoding="utf-8"?>
<Project ToolsVersion="4.0" xmlns="http://schemas.microsoft.com/developer/msbuild/2003">
  <ItemGroup>
    <Filter Include="components">
      <UniqueIdentifier>{c0fced8a-8df3-4b31-bc75-18cd65d5f843}</UniqueIdentifier>
    </Filter>
    <Filter Include="components\Render">
      <UniqueIdentifier>{e17faf91-a945-429c-8fd4-16a81a1bb3fe}</UniqueIdentifier>
    </Filter>
    <Filter Include="other">
      <UniqueIdentifier>{4FC737F1-C7A5-4376-A066-2A32D752A2FF}</UniqueIdentifier>
      <Extensions>cpp;c;cc;cxx;def;odl;idl;hpj;bat;asm;asmx</Extensions>
    </Filter>
    <Filter Include="imgui">
      <UniqueIdentifier>{09bf3652-1dad-484f-a72a-a76cc694d397}</UniqueIdentifier>
    </Filter>
    <Filter Include="Input">
      <UniqueIdentifier>{1b2e791b-3133-4241-b9b3-707d54b4420d}</UniqueIdentifier>
    </Filter>
    <Filter Include="Input\Commands">
      <UniqueIdentifier>{dbe9896e-9414-45e1-96b2-54493717f2a6}</UniqueIdentifier>
    </Filter>
    <Filter Include="GameObjects">
      <UniqueIdentifier>{448015c1-83ba-4f84-9a37-66cf44d5c2a8}</UniqueIdentifier>
    </Filter>
    <Filter Include="Output">
      <UniqueIdentifier>{bd9472c8-2e4a-4fce-9d81-cfd7d9a141c5}</UniqueIdentifier>
    </Filter>
    <Filter Include="Output\Rendering">
      <UniqueIdentifier>{ce15f6de-733b-4c6b-ab2b-679ff648dbf5}</UniqueIdentifier>
    </Filter>
    <Filter Include="Output\Sound">
      <UniqueIdentifier>{c633a3e2-4b04-41a2-80d5-cc31f3eed128}</UniqueIdentifier>
    </Filter>
    <Filter Include="Resources">
      <UniqueIdentifier>{666011d8-575f-495d-99ee-1c06165b8ac5}</UniqueIdentifier>
    </Filter>
    <Filter Include="Resources\ResourceContainers">
      <UniqueIdentifier>{0e9092e9-3a5d-4561-b1c7-d856d8a81d59}</UniqueIdentifier>
    </Filter>
    <Filter Include="components\Physics">
      <UniqueIdentifier>{ce7ecc60-79ff-4de9-8adb-841665c4634d}</UniqueIdentifier>
    </Filter>
  </ItemGroup>
  <ItemGroup>
    <ClInclude Include="BaseComponent.h">
      <Filter>components</Filter>
    </ClInclude>
    <ClInclude Include="TextRenderComponent.h">
      <Filter>components\Render</Filter>
    </ClInclude>
    <ClInclude Include="TextureRenderComponent.h">
      <Filter>components\Render</Filter>
    </ClInclude>
    <ClInclude Include="..\3rdParty\imgui-1.90.4\imconfig.h">
      <Filter>imgui</Filter>
    </ClInclude>
    <ClInclude Include="..\3rdParty\imgui-1.90.4\imgui.h">
      <Filter>imgui</Filter>
    </ClInclude>
    <ClInclude Include="..\3rdParty\imgui-1.90.4\imgui_internal.h">
      <Filter>imgui</Filter>
    </ClInclude>
    <ClInclude Include="..\3rdParty\imgui-1.90.4\imstb_rectpack.h">
      <Filter>imgui</Filter>
    </ClInclude>
    <ClInclude Include="..\3rdParty\imgui-1.90.4\imstb_textedit.h">
      <Filter>imgui</Filter>
    </ClInclude>
    <ClInclude Include="..\3rdParty\imgui-1.90.4\imstb_truetype.h">
      <Filter>imgui</Filter>
    </ClInclude>
    <ClInclude Include="..\3rdParty\imgui-1.90.4\backends\imgui_impl_opengl3.h">
      <Filter>imgui</Filter>
    </ClInclude>
    <ClInclude Include="..\3rdParty\imgui-1.90.4\backends\imgui_impl_sdl2.h">
      <Filter>imgui</Filter>
    </ClInclude>
    <ClInclude Include="..\3rdParty\imgui-1.90.4\imgui_plot.h">
      <Filter>imgui</Filter>
    </ClInclude>
    <ClInclude Include="ControllerManager.h">
      <Filter>Input</Filter>
    </ClInclude>
    <ClInclude Include="Commands.h">
      <Filter>Input\Commands</Filter>
    </ClInclude>
    <ClInclude Include="SDLInputManager.h">
      <Filter>Input</Filter>
    </ClInclude>
    <ClInclude Include="InputTypes.h">
      <Filter>Input</Filter>
    </ClInclude>
    <ClInclude Include="SceneManager.h">
      <Filter>GameObjects</Filter>
    </ClInclude>
    <ClInclude Include="Scene.h">
      <Filter>GameObjects</Filter>
    </ClInclude>
    <ClInclude Include="InputManager.h">
      <Filter>Input</Filter>
    </ClInclude>
    <ClInclude Include="Renderer.h">
      <Filter>Output\Rendering</Filter>
    </ClInclude>
    <ClInclude Include="GameObject.h">
      <Filter>GameObjects</Filter>
    </ClInclude>
    <ClInclude Include="Minigin.h" />
    <ClInclude Include="Observer.h">
      <Filter>other</Filter>
    </ClInclude>
    <ClInclude Include="Singleton.h">
      <Filter>other</Filter>
    </ClInclude>
    <ClInclude Include="ISoundSystem.h">
      <Filter>Output\Sound</Filter>
    </ClInclude>
    <ClInclude Include="SoundSystemSDL.h">
      <Filter>Output\Sound</Filter>
    </ClInclude>
    <ClInclude Include="ThreadTaskQueue.h">
      <Filter>other</Filter>
    </ClInclude>
    <ClInclude Include="SoundLogWrapper.h">
      <Filter>Output\Sound</Filter>
    </ClInclude>
    <ClInclude Include="SoundNull.h">
      <Filter>Output\Sound</Filter>
    </ClInclude>
    <ClInclude Include="ServiceLocator.h">
      <Filter>other</Filter>
    </ClInclude>
    <ClInclude Include="GameTime.h">
      <Filter>other</Filter>
    </ClInclude>
    <ClInclude Include="ResourceManager.h">
      <Filter>Resources</Filter>
    </ClInclude>
    <ClInclude Include="SDL_FontCache.h">
      <Filter>Resources</Filter>
    </ClInclude>
    <ClInclude Include="Font.h">
      <Filter>Resources\ResourceContainers</Filter>
    </ClInclude>
    <ClInclude Include="Texture2D.h">
      <Filter>Resources\ResourceContainers</Filter>
    </ClInclude>
    <ClInclude Include="Transform.h">
      <Filter>components</Filter>
    </ClInclude>
    <ClInclude Include="OverlapComponent.h">
      <Filter>components\Physics</Filter>
    </ClInclude>
    <ClInclude Include="PrimitivesRenderComponent.h">
      <Filter>components\Render</Filter>
    </ClInclude>
    <ClInclude Include="PhysicsEngine.h">
      <Filter>other</Filter>
    </ClInclude>
    <ClInclude Include="ColliderComponent.h">
      <Filter>components\Physics</Filter>
    </ClInclude>
  </ItemGroup>
  <ItemGroup>
    <ClCompile Include="BaseComponent.cpp">
      <Filter>components</Filter>
    </ClCompile>
    <ClCompile Include="TextureRenderComponent.cpp">
      <Filter>components\Render</Filter>
    </ClCompile>
    <ClCompile Include="TextRenderComponent.cpp">
      <Filter>components\Render</Filter>
    </ClCompile>
    <ClCompile Include="..\3rdParty\imgui-1.90.4\imgui.cpp">
      <Filter>imgui</Filter>
    </ClCompile>
    <ClCompile Include="..\3rdParty\imgui-1.90.4\imgui_draw.cpp">
      <Filter>imgui</Filter>
    </ClCompile>
    <ClCompile Include="..\3rdParty\imgui-1.90.4\imgui_tables.cpp">
      <Filter>imgui</Filter>
    </ClCompile>
    <ClCompile Include="..\3rdParty\imgui-1.90.4\imgui_widgets.cpp">
      <Filter>imgui</Filter>
    </ClCompile>
    <ClCompile Include="..\3rdParty\imgui-1.90.4\backends\imgui_impl_opengl3.cpp">
      <Filter>imgui</Filter>
    </ClCompile>
    <ClCompile Include="..\3rdParty\imgui-1.90.4\backends\imgui_impl_sdl2.cpp">
      <Filter>imgui</Filter>
    </ClCompile>
    <ClCompile Include="..\3rdParty\imgui-1.90.4\imgui_plot.cpp">
      <Filter>imgui</Filter>
    </ClCompile>
    <ClCompile Include="ControllerManager.cpp">
      <Filter>Input</Filter>
    </ClCompile>
    <ClCompile Include="SDLInputManager.cpp">
      <Filter>Input</Filter>
    </ClCompile>
    <ClCompile Include="Commands.cpp">
      <Filter>Input\Commands</Filter>
    </ClCompile>
    <ClCompile Include="SceneManager.cpp">
      <Filter>GameObjects</Filter>
    </ClCompile>
    <ClCompile Include="Scene.cpp">
      <Filter>GameObjects</Filter>
    </ClCompile>
    <ClCompile Include="InputManager.cpp">
      <Filter>Input</Filter>
    </ClCompile>
    <ClCompile Include="Renderer.cpp">
      <Filter>Output\Rendering</Filter>
    </ClCompile>
    <ClCompile Include="GameObject.cpp">
      <Filter>GameObjects</Filter>
    </ClCompile>
    <ClCompile Include="Observer.cpp">
      <Filter>other</Filter>
    </ClCompile>
    <ClCompile Include="Minigin.cpp" />
    <ClCompile Include="ThreadTaskQueue.cpp">
      <Filter>other</Filter>
    </ClCompile>
    <ClCompile Include="GameTime.cpp">
      <Filter>other</Filter>
    </ClCompile>
    <ClCompile Include="SoundSystemSDL.cpp">
      <Filter>Output\Sound</Filter>
    </ClCompile>
    <ClCompile Include="ServiceLocator.cpp">
      <Filter>other</Filter>
    </ClCompile>
    <ClCompile Include="ResourceManager.cpp">
      <Filter>Resources</Filter>
    </ClCompile>
    <ClCompile Include="SDL_FontCache.c">
      <Filter>Resources</Filter>
    </ClCompile>
    <ClCompile Include="Font.cpp">
      <Filter>Resources\ResourceContainers</Filter>
    </ClCompile>
    <ClCompile Include="Texture2D.cpp">
      <Filter>Resources\ResourceContainers</Filter>
    </ClCompile>
    <ClCompile Include="Transform.cpp">
      <Filter>components</Filter>
    </ClCompile>
    <ClCompile Include="OverlapComponent.cpp">
      <Filter>components\Physics</Filter>
    </ClCompile>
    <ClCompile Include="PrimitivesRenderComponent.cpp">
      <Filter>components\Render</Filter>
    </ClCompile>
    <ClCompile Include="PhysicsEngine.cpp">
      <Filter>other</Filter>
    </ClCompile>
    <ClCompile Include="ColliderComponent.cpp">
      <Filter>components\Physics</Filter>
    </ClCompile>
  </ItemGroup>
</Project>